
Microsoft Visual Studio Solution File, Format Version 12.00
# Visual Studio Version 17
VisualStudioVersion = 17.3.32929.385
MinimumVisualStudioVersion = 10.0.40219.1
Project("{8BC9CEB8-8B4A-11D0-8D11-00A0C91BC942}") = "Cpp-Class", "Cpp-Class\Cpp-Class.vcxproj", "{54A45C2F-0292-43E7-847D-62B50C72C7C2}"
EndProject
Project("{8BC9CEB8-8B4A-11D0-8D11-00A0C91BC942}") = "Lab002", "Lab002\Lab002.vcxproj", "{007E0E26-BBDC-4821-8EFB-8C08DF209A96}"
EndProject
Project("{8BC9CEB8-8B4A-11D0-8D11-00A0C91BC942}") = "Lab003", "Lab003\Lab003.vcxproj", "{D7A018E5-25D5-446E-951C-0E8D16AC184E}"
EndProject
Project("{8BC9CEB8-8B4A-11D0-8D11-00A0C91BC942}") = "Lab004", "Lab004\Lab004.vcxproj", "{45499595-D295-4ED0-B9CF-CF3CB14375C7}"
EndProject
Project("{8BC9CEB8-8B4A-11D0-8D11-00A0C91BC942}") = "Lab005", "Lab005\Lab005.vcxproj", "{3274DA5F-6A2D-4AD6-A3D4-7BAC7D450C26}"
EndProject
Project("{8BC9CEB8-8B4A-11D0-8D11-00A0C91BC942}") = "Lab006", "Lab006\Lab006.vcxproj", "{5ADAD80E-7B14-43C3-84D5-9EC2BB9EE05E}"
EndProject
Project("{8BC9CEB8-8B4A-11D0-8D11-00A0C91BC942}") = "Lab007", "Lab007\Lab007.vcxproj", "{FF7B583D-BA63-4E66-B2CE-7DE1B94A644D}"
EndProject
Project("{8BC9CEB8-8B4A-11D0-8D11-00A0C91BC942}") = "Lab008", "Lab008\Lab008.vcxproj", "{DCA1F284-3809-447D-9DEF-7C8AD899A03D}"
EndProject
Project("{8BC9CEB8-8B4A-11D0-8D11-00A0C91BC942}") = "Lab009", "Lab009\Lab009.vcxproj", "{F8684E89-ACA2-44EB-8BE4-DA9C74FE8403}"
EndProject
Project("{8BC9CEB8-8B4A-11D0-8D11-00A0C91BC942}") = "Lab010", "Lab010\Lab010.vcxproj", "{FCD3019F-B0DF-4854-9982-C4623DCE1CA5}"
EndProject
Global
	GlobalSection(SolutionConfigurationPlatforms) = preSolution
		Debug|x64 = Debug|x64
		Debug|x86 = Debug|x86
		Release|x64 = Release|x64
		Release|x86 = Release|x86
	EndGlobalSection
	GlobalSection(ProjectConfigurationPlatforms) = postSolution
		{54A45C2F-0292-43E7-847D-62B50C72C7C2}.Debug|x64.ActiveCfg = Debug|x64
		{54A45C2F-0292-43E7-847D-62B50C72C7C2}.Debug|x64.Build.0 = Debug|x64
		{54A45C2F-0292-43E7-847D-62B50C72C7C2}.Debug|x86.ActiveCfg = Debug|Win32
		{54A45C2F-0292-43E7-847D-62B50C72C7C2}.Release|x64.ActiveCfg = Release|x64
		{54A45C2F-0292-43E7-847D-62B50C72C7C2}.Release|x64.Build.0 = Release|x64
		{54A45C2F-0292-43E7-847D-62B50C72C7C2}.Release|x86.ActiveCfg = Release|Win32
		{54A45C2F-0292-43E7-847D-62B50C72C7C2}.Release|x86.Build.0 = Release|Win32
		{007E0E26-BBDC-4821-8EFB-8C08DF209A96}.Debug|x64.ActiveCfg = Debug|x64
		{007E0E26-BBDC-4821-8EFB-8C08DF209A96}.Debug|x64.Build.0 = Debug|x64
		{007E0E26-BBDC-4821-8EFB-8C08DF209A96}.Debug|x86.ActiveCfg = Debug|Win32
		{007E0E26-BBDC-4821-8EFB-8C08DF209A96}.Release|x64.ActiveCfg = Release|x64
		{007E0E26-BBDC-4821-8EFB-8C08DF209A96}.Release|x64.Build.0 = Release|x64
		{007E0E26-BBDC-4821-8EFB-8C08DF209A96}.Release|x86.ActiveCfg = Release|Win32
		{007E0E26-BBDC-4821-8EFB-8C08DF209A96}.Release|x86.Build.0 = Release|Win32
		{D7A018E5-25D5-446E-951C-0E8D16AC184E}.Debug|x64.ActiveCfg = Debug|x64
		{D7A018E5-25D5-446E-951C-0E8D16AC184E}.Debug|x64.Build.0 = Debug|x64
		{D7A018E5-25D5-446E-951C-0E8D16AC184E}.Debug|x86.ActiveCfg = Debug|Win32
		{D7A018E5-25D5-446E-951C-0E8D16AC184E}.Release|x64.ActiveCfg = Release|x64
		{D7A018E5-25D5-446E-951C-0E8D16AC184E}.Release|x64.Build.0 = Release|x64
		{D7A018E5-25D5-446E-951C-0E8D16AC184E}.Release|x86.ActiveCfg = Release|Win32
		{D7A018E5-25D5-446E-951C-0E8D16AC184E}.Release|x86.Build.0 = Release|Win32
		{45499595-D295-4ED0-B9CF-CF3CB14375C7}.Debug|x64.ActiveCfg = Debug|x64
		{45499595-D295-4ED0-B9CF-CF3CB14375C7}.Debug|x64.Build.0 = Debug|x64
		{45499595-D295-4ED0-B9CF-CF3CB14375C7}.Debug|x86.ActiveCfg = Debug|Win32
		{45499595-D295-4ED0-B9CF-CF3CB14375C7}.Release|x64.ActiveCfg = Release|x64
		{45499595-D295-4ED0-B9CF-CF3CB14375C7}.Release|x64.Build.0 = Release|x64
		{45499595-D295-4ED0-B9CF-CF3CB14375C7}.Release|x86.ActiveCfg = Release|Win32
		{45499595-D295-4ED0-B9CF-CF3CB14375C7}.Release|x86.Build.0 = Release|Win32
		{3274DA5F-6A2D-4AD6-A3D4-7BAC7D450C26}.Debug|x64.ActiveCfg = Debug|x64
		{3274DA5F-6A2D-4AD6-A3D4-7BAC7D450C26}.Debug|x64.Build.0 = Debug|x64
		{3274DA5F-6A2D-4AD6-A3D4-7BAC7D450C26}.Debug|x86.ActiveCfg = Debug|Win32
		{3274DA5F-6A2D-4AD6-A3D4-7BAC7D450C26}.Release|x64.ActiveCfg = Release|x64
		{3274DA5F-6A2D-4AD6-A3D4-7BAC7D450C26}.Release|x64.Build.0 = Release|x64
		{3274DA5F-6A2D-4AD6-A3D4-7BAC7D450C26}.Release|x86.ActiveCfg = Release|Win32
		{3274DA5F-6A2D-4AD6-A3D4-7BAC7D450C26}.Release|x86.Build.0 = Release|Win32
		{5ADAD80E-7B14-43C3-84D5-9EC2BB9EE05E}.Debug|x64.ActiveCfg = Debug|x64
		{5ADAD80E-7B14-43C3-84D5-9EC2BB9EE05E}.Debug|x64.Build.0 = Debug|x64
		{5ADAD80E-7B14-43C3-84D5-9EC2BB9EE05E}.Debug|x86.ActiveCfg = Debug|Win32
		{5ADAD80E-7B14-43C3-84D5-9EC2BB9EE05E}.Debug|x86.Build.0 = Debug|Win32
		{5ADAD80E-7B14-43C3-84D5-9EC2BB9EE05E}.Release|x64.ActiveCfg = Release|x64
		{5ADAD80E-7B14-43C3-84D5-9EC2BB9EE05E}.Release|x64.Build.0 = Release|x64
		{5ADAD80E-7B14-43C3-84D5-9EC2BB9EE05E}.Release|x86.ActiveCfg = Release|Win32
		{5ADAD80E-7B14-43C3-84D5-9EC2BB9EE05E}.Release|x86.Build.0 = Release|Win32
		{FF7B583D-BA63-4E66-B2CE-7DE1B94A644D}.Debug|x64.ActiveCfg = Debug|x64
		{FF7B583D-BA63-4E66-B2CE-7DE1B94A644D}.Debug|x64.Build.0 = Debug|x64
		{FF7B583D-BA63-4E66-B2CE-7DE1B94A644D}.Debug|x86.ActiveCfg = Debug|Win32
		{FF7B583D-BA63-4E66-B2CE-7DE1B94A644D}.Release|x64.ActiveCfg = Release|x64
		{FF7B583D-BA63-4E66-B2CE-7DE1B94A644D}.Release|x64.Build.0 = Release|x64
		{FF7B583D-BA63-4E66-B2CE-7DE1B94A644D}.Release|x86.ActiveCfg = Release|Win32
		{FF7B583D-BA63-4E66-B2CE-7DE1B94A644D}.Release|x86.Build.0 = Release|Win32
		{DCA1F284-3809-447D-9DEF-7C8AD899A03D}.Debug|x64.ActiveCfg = Debug|x64
		{DCA1F284-3809-447D-9DEF-7C8AD899A03D}.Debug|x64.Build.0 = Debug|x64
		{DCA1F284-3809-447D-9DEF-7C8AD899A03D}.Debug|x86.ActiveCfg = Debug|Win32
		{DCA1F284-3809-447D-9DEF-7C8AD899A03D}.Release|x64.ActiveCfg = Release|x64
		{DCA1F284-3809-447D-9DEF-7C8AD899A03D}.Release|x64.Build.0 = Release|x64
		{DCA1F284-3809-447D-9DEF-7C8AD899A03D}.Release|x86.ActiveCfg = Release|Win32
		{DCA1F284-3809-447D-9DEF-7C8AD899A03D}.Release|x86.Build.0 = Release|Win32
		{F8684E89-ACA2-44EB-8BE4-DA9C74FE8403}.Debug|x64.ActiveCfg = Debug|x64
		{F8684E89-ACA2-44EB-8BE4-DA9C74FE8403}.Debug|x64.Build.0 = Debug|x64
		{F8684E89-ACA2-44EB-8BE4-DA9C74FE8403}.Debug|x86.ActiveCfg = Debug|Win32
		{F8684E89-ACA2-44EB-8BE4-DA9C74FE8403}.Debug|x86.Build.0 = Debug|Win32
		{F8684E89-ACA2-44EB-8BE4-DA9C74FE8403}.Release|x64.ActiveCfg = Release|x64
		{F8684E89-ACA2-44EB-8BE4-DA9C74FE8403}.Release|x64.Build.0 = Release|x64
		{F8684E89-ACA2-44EB-8BE4-DA9C74FE8403}.Release|x86.ActiveCfg = Release|Win32
		{F8684E89-ACA2-44EB-8BE4-DA9C74FE8403}.Release|x86.Build.0 = Release|Win32
		{FCD3019F-B0DF-4854-9982-C4623DCE1CA5}.Debug|x64.ActiveCfg = Debug|x64
		{FCD3019F-B0DF-4854-9982-C4623DCE1CA5}.Debug|x64.Build.0 = Debug|x64
		{FCD3019F-B0DF-4854-9982-C4623DCE1CA5}.Debug|x86.ActiveCfg = Debug|Win32
		{FCD3019F-B0DF-4854-9982-C4623DCE1CA5}.Debug|x86.Build.0 = Debug|Win32
		{FCD3019F-B0DF-4854-9982-C4623DCE1CA5}.Release|x64.ActiveCfg = Release|x64
		{FCD3019F-B0DF-4854-9982-C4623DCE1CA5}.Release|x64.Build.0 = Release|x64
		{FCD3019F-B0DF-4854-9982-C4623DCE1CA5}.Release|x86.ActiveCfg = Release|Win32
		{FCD3019F-B0DF-4854-9982-C4623DCE1CA5}.Release|x86.Build.0 = Release|Win32
	EndGlobalSection
	GlobalSection(SolutionProperties) = preSolution
		HideSolutionNode = FALSE
	EndGlobalSection
	GlobalSection(ExtensibilityGlobals) = postSolution
		SolutionGuid = {A371B9FB-3E63-4BAC-A293-1F566D57F819}
	EndGlobalSection
EndGlobal
